
Microsoft Visual Studio Solution File, Format Version 12.00
# Visual Studio Version 16
VisualStudioVersion = 16.0.30517.126
MinimumVisualStudioVersion = 10.0.40219.1
Project("{FAE04EC0-301F-11D3-BF4B-00C04F79EFBC}") = "ElevenNote.WebAPI", "ElevenNote.WebAPI\ElevenNote.WebAPI.csproj", "{CF9DBA12-07B3-49CB-8D9B-DD2130925165}"
EndProject
Project("{FAE04EC0-301F-11D3-BF4B-00C04F79EFBC}") = "ElevenNote.Data", "ElevenNote.Data\ElevenNote.Data.csproj", "{AB3DE12D-88B1-4AD0-8F08-82C946F86D9A}"
EndProject
Project("{FAE04EC0-301F-11D3-BF4B-00C04F79EFBC}") = "ElevenNote.Models", "ElevenNote.Models\ElevenNote.Models.csproj", "{83FFB705-20F9-4A3D-96A5-CBED520214DA}"
EndProject
Project("{FAE04EC0-301F-11D3-BF4B-00C04F79EFBC}") = "ElevenNote.Services", "ElevenNote.Services\ElevenNote.Services.csproj", "{41AE1E40-F3D4-4975-A4B2-D60397295F9D}"
EndProject
Project("{FAE04EC0-301F-11D3-BF4B-00C04F79EFBC}") = "ElevenNote.WebMVC", "ElevenNote.WebMVC\ElevenNote.WebMVC.csproj", "{22A286B9-7A4B-4181-AF1F-22BF0794D7AE}"
EndProject
Global
	GlobalSection(SolutionConfigurationPlatforms) = preSolution
		Debug|Any CPU = Debug|Any CPU
		Release|Any CPU = Release|Any CPU
	EndGlobalSection
	GlobalSection(ProjectConfigurationPlatforms) = postSolution
		{CF9DBA12-07B3-49CB-8D9B-DD2130925165}.Debug|Any CPU.ActiveCfg = Debug|Any CPU
		{CF9DBA12-07B3-49CB-8D9B-DD2130925165}.Debug|Any CPU.Build.0 = Debug|Any CPU
		{CF9DBA12-07B3-49CB-8D9B-DD2130925165}.Release|Any CPU.ActiveCfg = Release|Any CPU
		{CF9DBA12-07B3-49CB-8D9B-DD2130925165}.Release|Any CPU.Build.0 = Release|Any CPU
		{AB3DE12D-88B1-4AD0-8F08-82C946F86D9A}.Debug|Any CPU.ActiveCfg = Debug|Any CPU
		{AB3DE12D-88B1-4AD0-8F08-82C946F86D9A}.Debug|Any CPU.Build.0 = Debug|Any CPU
		{AB3DE12D-88B1-4AD0-8F08-82C946F86D9A}.Release|Any CPU.ActiveCfg = Release|Any CPU
		{AB3DE12D-88B1-4AD0-8F08-82C946F86D9A}.Release|Any CPU.Build.0 = Release|Any CPU
		{83FFB705-20F9-4A3D-96A5-CBED520214DA}.Debug|Any CPU.ActiveCfg = Debug|Any CPU
		{83FFB705-20F9-4A3D-96A5-CBED520214DA}.Debug|Any CPU.Build.0 = Debug|Any CPU
		{83FFB705-20F9-4A3D-96A5-CBED520214DA}.Release|Any CPU.ActiveCfg = Release|Any CPU
		{83FFB705-20F9-4A3D-96A5-CBED520214DA}.Release|Any CPU.Build.0 = Release|Any CPU
		{41AE1E40-F3D4-4975-A4B2-D60397295F9D}.Debug|Any CPU.ActiveCfg = Debug|Any CPU
		{41AE1E40-F3D4-4975-A4B2-D60397295F9D}.Debug|Any CPU.Build.0 = Debug|Any CPU
		{41AE1E40-F3D4-4975-A4B2-D60397295F9D}.Release|Any CPU.ActiveCfg = Release|Any CPU
		{41AE1E40-F3D4-4975-A4B2-D60397295F9D}.Release|Any CPU.Build.0 = Release|Any CPU
		{22A286B9-7A4B-4181-AF1F-22BF0794D7AE}.Debug|Any CPU.ActiveCfg = Debug|Any CPU
		{22A286B9-7A4B-4181-AF1F-22BF0794D7AE}.Debug|Any CPU.Build.0 = Debug|Any CPU
		{22A286B9-7A4B-4181-AF1F-22BF0794D7AE}.Release|Any CPU.ActiveCfg = Release|Any CPU
		{22A286B9-7A4B-4181-AF1F-22BF0794D7AE}.Release|Any CPU.Build.0 = Release|Any CPU
	EndGlobalSection
	GlobalSection(SolutionProperties) = preSolution
		HideSolutionNode = FALSE
	EndGlobalSection
	GlobalSection(ExtensibilityGlobals) = postSolution
		SolutionGuid = {5AF59393-2395-43EC-B007-46A625DBB77E}
	EndGlobalSection
EndGlobal
